// !$*UTF8*$!
{
	archiveVersion = 1;
	classes = {
	};
	objectVersion = 46;
	objects = {

/* Begin PBXBuildFile section */
		82B901A81CCDBB18008473EF /* main.m in Sources */ = {isa = PBXBuildFile; fileRef = 82B901A71CCDBB18008473EF /* main.m */; };
		82B901AB1CCDBB18008473EF /* AppDelegate.m in Sources */ = {isa = PBXBuildFile; fileRef = 82B901AA1CCDBB18008473EF /* AppDelegate.m */; };
		82B901B11CCDBB18008473EF /* Main.storyboard in Resources */ = {isa = PBXBuildFile; fileRef = 82B901AF1CCDBB18008473EF /* Main.storyboard */; };
		82B901B31CCDBB18008473EF /* Assets.xcassets in Resources */ = {isa = PBXBuildFile; fileRef = 82B901B21CCDBB18008473EF /* Assets.xcassets */; };
		82B901B61CCDBB18008473EF /* LaunchScreen.storyboard in Resources */ = {isa = PBXBuildFile; fileRef = 82B901B41CCDBB18008473EF /* LaunchScreen.storyboard */; };
		82B901F11CCF50FC008473EF /* SKAvPlaybackTableViewController.m in Sources */ = {isa = PBXBuildFile; fileRef = 82B901ED1CCF50FC008473EF /* SKAvPlaybackTableViewController.m */; };
		82B901F21CCF50FC008473EF /* SKAvPlayerViewController.m in Sources */ = {isa = PBXBuildFile; fileRef = 82B901F01CCF50FC008473EF /* SKAvPlayerViewController.m */; };
/* End PBXBuildFile section */

/* Begin PBXCopyFilesBuildPhase section */
		82B901F91CCFBA9D008473EF /* Embed Frameworks */ = {
			isa = PBXCopyFilesBuildPhase;
			buildActionMask = 2147483647;
			dstPath = "";
			dstSubfolderSpec = 10;
			files = (
			);
			name = "Embed Frameworks";
			runOnlyForDeploymentPostprocessing = 0;
		};
/* End PBXCopyFilesBuildPhase section */

/* Begin PBXFileReference section */
		82B901A31CCDBB18008473EF /* SKAvPlayerDemo.app */ = {isa = PBXFileReference; explicitFileType = wrapper.application; includeInIndex = 0; path = SKAvPlayerDemo.app; sourceTree = BUILT_PRODUCTS_DIR; };
		82B901A71CCDBB18008473EF /* main.m */ = {isa = PBXFileReference; lastKnownFileType = sourcecode.c.objc; path = main.m; sourceTree = "<group>"; };
		82B901A91CCDBB18008473EF /* AppDelegate.h */ = {isa = PBXFileReference; lastKnownFileType = sourcecode.c.h; path = AppDelegate.h; sourceTree = "<group>"; };
		82B901AA1CCDBB18008473EF /* AppDelegate.m */ = {isa = PBXFileReference; lastKnownFileType = sourcecode.c.objc; path = AppDelegate.m; sourceTree = "<group>"; };
		82B901B01CCDBB18008473EF /* Base */ = {isa = PBXFileReference; lastKnownFileType = file.storyboard; name = Base; path = Base.lproj/Main.storyboard; sourceTree = "<group>"; };
		82B901B21CCDBB18008473EF /* Assets.xcassets */ = {isa = PBXFileReference; lastKnownFileType = folder.assetcatalog; path = Assets.xcassets; sourceTree = "<group>"; };
		82B901B51CCDBB18008473EF /* Base */ = {isa = PBXFileReference; lastKnownFileType = file.storyboard; name = Base; path = Base.lproj/LaunchScreen.storyboard; sourceTree = "<group>"; };
		82B901B71CCDBB18008473EF /* Info.plist */ = {isa = PBXFileReference; lastKnownFileType = text.plist.xml; path = Info.plist; sourceTree = "<group>"; };
		82B901EC1CCF50FC008473EF /* SKAvPlaybackTableViewController.h */ = {isa = PBXFileReference; fileEncoding = 4; lastKnownFileType = sourcecode.c.h; path = SKAvPlaybackTableViewController.h; sourceTree = "<group>"; };
		82B901ED1CCF50FC008473EF /* SKAvPlaybackTableViewController.m */ = {isa = PBXFileReference; fileEncoding = 4; lastKnownFileType = sourcecode.c.objc; path = SKAvPlaybackTableViewController.m; sourceTree = "<group>"; };
		82B901EF1CCF50FC008473EF /* SKAvPlayerViewController.h */ = {isa = PBXFileReference; fileEncoding = 4; lastKnownFileType = sourcecode.c.h; path = SKAvPlayerViewController.h; sourceTree = "<group>"; };
		82B901F01CCF50FC008473EF /* SKAvPlayerViewController.m */ = {isa = PBXFileReference; fileEncoding = 4; lastKnownFileType = sourcecode.c.objc; path = SKAvPlayerViewController.m; sourceTree = "<group>"; };
		82B901F61CCFBA9C008473EF /* SKAvPlayer.framework */ = {isa = PBXFileReference; explicitFileType = wrapper.framework; name = SKAvPlayer.framework; path = "/Users/skchen/Library/Developer/Xcode/DerivedData/SKAvPlayerDemo-arwssdzpalngpofclwrnvuxeepah/Build/Products/Debug-iphoneos/SKAvPlayer.framework"; sourceTree = "<absolute>"; };
		82B902001CCFBE20008473EF /* SKUtils.framework */ = {isa = PBXFileReference; explicitFileType = wrapper.framework; name = SKUtils.framework; path = "/Users/skchen/Library/Developer/Xcode/DerivedData/SKAvPlayerDemo-arwssdzpalngpofclwrnvuxeepah/Build/Products/Debug-iphoneos/SKUtils.framework"; sourceTree = "<absolute>"; };
/* End PBXFileReference section */

/* Begin PBXFrameworksBuildPhase section */
		82B901A01CCDBB18008473EF /* Frameworks */ = {
			isa = PBXFrameworksBuildPhase;
			buildActionMask = 2147483647;
			files = (
			);
			runOnlyForDeploymentPostprocessing = 0;
		};
/* End PBXFrameworksBuildPhase section */

/* Begin PBXGroup section */
		82B9019A1CCDBB18008473EF = {
			isa = PBXGroup;
			children = (
				82B901A51CCDBB18008473EF /* SKAvPlayerDemo */,
				82B901A41CCDBB18008473EF /* Products */,
			);
			sourceTree = "<group>";
		};
		82B901A41CCDBB18008473EF /* Products */ = {
			isa = PBXGroup;
			children = (
				82B901A31CCDBB18008473EF /* SKAvPlayerDemo.app */,
			);
			name = Products;
			sourceTree = "<group>";
		};
		82B901A51CCDBB18008473EF /* SKAvPlayerDemo */ = {
			isa = PBXGroup;
			children = (
				82B901EA1CCF50FC008473EF /* UI */,
				82B901CF1CCDBD63008473EF /* Framework */,
				82B901A91CCDBB18008473EF /* AppDelegate.h */,
				82B901AA1CCDBB18008473EF /* AppDelegate.m */,
				82B901AF1CCDBB18008473EF /* Main.storyboard */,
				82B901B21CCDBB18008473EF /* Assets.xcassets */,
				82B901B41CCDBB18008473EF /* LaunchScreen.storyboard */,
				82B901B71CCDBB18008473EF /* Info.plist */,
				82B901A61CCDBB18008473EF /* Supporting Files */,
			);
			path = SKAvPlayerDemo;
			sourceTree = "<group>";
		};
		82B901A61CCDBB18008473EF /* Supporting Files */ = {
			isa = PBXGroup;
			children = (
				82B901A71CCDBB18008473EF /* main.m */,
			);
			name = "Supporting Files";
			sourceTree = "<group>";
		};
		82B901CF1CCDBD63008473EF /* Framework */ = {
			isa = PBXGroup;
			children = (
				82B902001CCFBE20008473EF /* SKUtils.framework */,
				82B901F61CCFBA9C008473EF /* SKAvPlayer.framework */,
			);
			path = Framework;
			sourceTree = "<group>";
		};
		82B901EA1CCF50FC008473EF /* UI */ = {
			isa = PBXGroup;
			children = (
				82B901EB1CCF50FC008473EF /* Browser */,
				82B901EE1CCF50FC008473EF /* Player */,
			);
			path = UI;
			sourceTree = "<group>";
		};
		82B901EB1CCF50FC008473EF /* Browser */ = {
			isa = PBXGroup;
			children = (
				82B901EC1CCF50FC008473EF /* SKAvPlaybackTableViewController.h */,
				82B901ED1CCF50FC008473EF /* SKAvPlaybackTableViewController.m */,
			);
			path = Browser;
			sourceTree = "<group>";
		};
		82B901EE1CCF50FC008473EF /* Player */ = {
			isa = PBXGroup;
			children = (
				82B901EF1CCF50FC008473EF /* SKAvPlayerViewController.h */,
				82B901F01CCF50FC008473EF /* SKAvPlayerViewController.m */,
			);
			path = Player;
			sourceTree = "<group>";
		};
/* End PBXGroup section */

/* Begin PBXNativeTarget section */
		82B901A21CCDBB18008473EF /* SKAvPlayerDemo */ = {
			isa = PBXNativeTarget;
			buildConfigurationList = 82B901BA1CCDBB18008473EF /* Build configuration list for PBXNativeTarget "SKAvPlayerDemo" */;
			buildPhases = (
				82B9019F1CCDBB18008473EF /* Sources */,
				82B901A01CCDBB18008473EF /* Frameworks */,
				82B901A11CCDBB18008473EF /* Resources */,
				82B901F91CCFBA9D008473EF /* Embed Frameworks */,
			);
			buildRules = (
			);
			dependencies = (
			);
			name = SKAvPlayerDemo;
			productName = SKAvPlayerDemo;
			productReference = 82B901A31CCDBB18008473EF /* SKAvPlayerDemo.app */;
			productType = "com.apple.product-type.application";
		};
/* End PBXNativeTarget section */

/* Begin PBXProject section */
		82B9019B1CCDBB18008473EF /* Project object */ = {
			isa = PBXProject;
			attributes = {
				LastUpgradeCheck = 0730;
				ORGANIZATIONNAME = SK;
				TargetAttributes = {
					82B901A21CCDBB18008473EF = {
						CreatedOnToolsVersion = 7.3;
					};
				};
			};
			buildConfigurationList = 82B9019E1CCDBB18008473EF /* Build configuration list for PBXProject "SKAvPlayerDemo" */;
			compatibilityVersion = "Xcode 3.2";
			developmentRegion = English;
			hasScannedForEncodings = 0;
			knownRegions = (
				en,
				Base,
			);
			mainGroup = 82B9019A1CCDBB18008473EF;
			productRefGroup = 82B901A41CCDBB18008473EF /* Products */;
			projectDirPath = "";
			projectRoot = "";
			targets = (
				82B901A21CCDBB18008473EF /* SKAvPlayerDemo */,
			);
		};
/* End PBXProject section */

/* Begin PBXResourcesBuildPhase section */
		82B901A11CCDBB18008473EF /* Resources */ = {
			isa = PBXResourcesBuildPhase;
			buildActionMask = 2147483647;
			files = (
				82B901B61CCDBB18008473EF /* LaunchScreen.storyboard in Resources */,
				82B901B31CCDBB18008473EF /* Assets.xcassets in Resources */,
				82B901B11CCDBB18008473EF /* Main.storyboard in Resources */,
			);
			runOnlyForDeploymentPostprocessing = 0;
		};
/* End PBXResourcesBuildPhase section */

/* Begin PBXSourcesBuildPhase section */
		82B9019F1CCDBB18008473EF /* Sources */ = {
			isa = PBXSourcesBuildPhase;
			buildActionMask = 2147483647;
			files = (
				82B901AB1CCDBB18008473EF /* AppDelegate.m in Sources */,
				82B901F21CCF50FC008473EF /* SKAvPlayerViewController.m in Sources */,
				82B901F11CCF50FC008473EF /* SKAvPlaybackTableViewController.m in Sources */,
				82B901A81CCDBB18008473EF /* main.m in Sources */,
			);
			runOnlyForDeploymentPostprocessing = 0;
		};
/* End PBXSourcesBuildPhase section */

/* Begin PBXVariantGroup section */
		82B901AF1CCDBB18008473EF /* Main.storyboard */ = {
			isa = PBXVariantGroup;
			children = (
				82B901B01CCDBB18008473EF /* Base */,
			);
			name = Main.storyboard;
			sourceTree = "<group>";
		};
		82B901B41CCDBB18008473EF /* LaunchScreen.storyboard */ = {
			isa = PBXVariantGroup;
			children = (
				82B901B51CCDBB18008473EF /* Base */,
			);
			name = LaunchScreen.storyboard;
			sourceTree = "<group>";
		};
/* End PBXVariantGroup section */

/* Begin XCBuildConfiguration section */
		82B901B81CCDBB18008473EF /* Debug */ = {
			isa = XCBuildConfiguration;
			buildSettings = {
				ALWAYS_SEARCH_USER_PATHS = NO;
				CLANG_ANALYZER_NONNULL = YES;
				CLANG_CXX_LANGUAGE_STANDARD = "gnu++0x";
				CLANG_CXX_LIBRARY = "libc++";
				CLANG_ENABLE_MODULES = YES;
				CLANG_ENABLE_OBJC_ARC = YES;
				CLANG_WARN_BOOL_CONVERSION = YES;
				CLANG_WARN_CONSTANT_CONVERSION = YES;
				CLANG_WARN_DIRECT_OBJC_ISA_USAGE = YES_ERROR;
				CLANG_WARN_EMPTY_BODY = YES;
				CLANG_WARN_ENUM_CONVERSION = YES;
				CLANG_WARN_INT_CONVERSION = YES;
				CLANG_WARN_OBJC_ROOT_CLASS = YES_ERROR;
				CLANG_WARN_UNREACHABLE_CODE = YES;
				CLANG_WARN__DUPLICATE_METHOD_MATCH = YES;
				"CODE_SIGN_IDENTITY[sdk=iphoneos*]" = "iPhone Developer";
				COPY_PHASE_STRIP = NO;
				DEBUG_INFORMATION_FORMAT = dwarf;
				ENABLE_STRICT_OBJC_MSGSEND = YES;
				ENABLE_TESTABILITY = YES;
				GCC_C_LANGUAGE_STANDARD = gnu99;
				GCC_DYNAMIC_NO_PIC = NO;
				GCC_NO_COMMON_BLOCKS = YES;
				GCC_OPTIMIZATION_LEVEL = 0;
				GCC_PREPROCESSOR_DEFINITIONS = (
					"DEBUG=1",
					"$(inherited)",
				);
				GCC_WARN_64_TO_32_BIT_CONVERSION = YES;
				GCC_WARN_ABOUT_RETURN_TYPE = YES_ERROR;
				GCC_WARN_UNDECLARED_SELECTOR = YES;
				GCC_WARN_UNINITIALIZED_AUTOS = YES_AGGRESSIVE;
				GCC_WARN_UNUSED_FUNCTION = YES;
				GCC_WARN_UNUSED_VARIABLE = YES;
				IPHONEOS_DEPLOYMENT_TARGET = 9.0;
				MTL_ENABLE_DEBUG_INFO = YES;
				ONLY_ACTIVE_ARCH = YES;
				SDKROOT = iphoneos;
				TARGETED_DEVICE_FAMILY = "1,2";
			};
			name = Debug;
		};
		82B901B91CCDBB18008473EF /* Release */ = {
			isa = XCBuildConfiguration;
			buildSettings = {
				ALWAYS_SEARCH_USER_PATHS = NO;
				CLANG_ANALYZER_NONNULL = YES;
				CLANG_CXX_LANGUAGE_STANDARD = "gnu++0x";
				CLANG_CXX_LIBRARY = "libc++";
				CLANG_ENABLE_MODULES = YES;
				CLANG_ENABLE_OBJC_ARC = YES;
				CLANG_WARN_BOOL_CONVERSION = YES;
				CLANG_WARN_CONSTANT_CONVERSION = YES;
				CLANG_WARN_DIRECT_OBJC_ISA_USAGE = YES_ERROR;
				CLANG_WARN_EMPTY_BODY = YES;
				CLANG_WARN_ENUM_CONVERSION = YES;
				CLANG_WARN_INT_CONVERSION = YES;
				CLANG_WARN_OBJC_ROOT_CLASS = YES_ERROR;
				CLANG_WARN_UNREACHABLE_CODE = YES;
				CLANG_WARN__DUPLICATE_METHOD_MATCH = YES;
				"CODE_SIGN_IDENTITY[sdk=iphoneos*]" = "iPhone Developer";
				COPY_PHASE_STRIP = NO;
				DEBUG_INFORMATION_FORMAT = "dwarf-with-dsym";
				ENABLE_NS_ASSERTIONS = NO;
				ENABLE_STRICT_OBJC_MSGSEND = YES;
				GCC_C_LANGUAGE_STANDARD = gnu99;
				GCC_NO_COMMON_BLOCKS = YES;
				GCC_WARN_64_TO_32_BIT_CONVERSION = YES;
				GCC_WARN_ABOUT_RETURN_TYPE = YES_ERROR;
				GCC_WARN_UNDECLARED_SELECTOR = YES;
				GCC_WARN_UNINITIALIZED_AUTOS = YES_AGGRESSIVE;
				GCC_WARN_UNUSED_FUNCTION = YES;
				GCC_WARN_UNUSED_VARIABLE = YES;
				IPHONEOS_DEPLOYMENT_TARGET = 9.0;
				MTL_ENABLE_DEBUG_INFO = NO;
				SDKROOT = iphoneos;
				TARGETED_DEVICE_FAMILY = "1,2";
				VALIDATE_PRODUCT = YES;
			};
			name = Release;
		};
		82B901BB1CCDBB18008473EF /* Debug */ = {
			isa = XCBuildConfiguration;
			buildSettings = {
				ASSETCATALOG_COMPILER_APPICON_NAME = AppIcon;
				INFOPLIST_FILE = SKAvPlayerDemo/Info.plist;
				LD_RUNPATH_SEARCH_PATHS = "$(inherited) @executable_path/Frameworks";
				PRODUCT_BUNDLE_IDENTIFIER = com.github.skchen.SKAvPlayerDemo;
				PRODUCT_NAME = "$(TARGET_NAME)";
			};
			name = Debug;
		};
		82B901BC1CCDBB18008473EF /* Release */ = {
			isa = XCBuildConfiguration;
			buildSettings = {
				ASSETCATALOG_COMPILER_APPICON_NAME = AppIcon;
				INFOPLIST_FILE = SKAvPlayerDemo/Info.plist;
				LD_RUNPATH_SEARCH_PATHS = "$(inherited) @executable_path/Frameworks";
				PRODUCT_BUNDLE_IDENTIFIER = com.github.skchen.SKAvPlayerDemo;
				PRODUCT_NAME = "$(TARGET_NAME)";
			};
			name = Release;
		};
/* End XCBuildConfiguration section */

/* Begin XCConfigurationList section */
		82B9019E1CCDBB18008473EF /* Build configuration list for PBXProject "SKAvPlayerDemo" */ = {
			isa = XCConfigurationList;
			buildConfigurations = (
				82B901B81CCDBB18008473EF /* Debug */,
				82B901B91CCDBB18008473EF /* Release */,
			);
			defaultConfigurationIsVisible = 0;
			defaultConfigurationName = Release;
		};
		82B901BA1CCDBB18008473EF /* Build configuration list for PBXNativeTarget "SKAvPlayerDemo" */ = {
			isa = XCConfigurationList;
			buildConfigurations = (
				82B901BB1CCDBB18008473EF /* Debug */,
				82B901BC1CCDBB18008473EF /* Release */,
			);
			defaultConfigurationIsVisible = 0;
			defaultConfigurationName = Release;
		};
/* End XCConfigurationList section */
	};
	rootObject = 82B9019B1CCDBB18008473EF /* Project object */;
}
